// !$*UTF8*$!
{
	archiveVersion = 1;
	classes = {
	};
	objectVersion = 56;
	objects = {

/* Begin PBXBuildFile section */
		6E6C90A42C884EBD00B36DA9 /* AppDelegate.swift in Sources */ = {isa = PBXBuildFile; fileRef = 6E6C90A32C884EBD00B36DA9 /* AppDelegate.swift */; };
		6E6C90A62C884EBD00B36DA9 /* SceneDelegate.swift in Sources */ = {isa = PBXBuildFile; fileRef = 6E6C90A52C884EBD00B36DA9 /* SceneDelegate.swift */; };
		6E6C90A82C884EBD00B36DA9 /* ViewController.swift in Sources */ = {isa = PBXBuildFile; fileRef = 6E6C90A72C884EBD00B36DA9 /* ViewController.swift */; };
		6E6C90AB2C884EBD00B36DA9 /* Base in Resources */ = {isa = PBXBuildFile; fileRef = 6E6C90AA2C884EBD00B36DA9 /* Base */; };
		6E6C90AD2C884EBF00B36DA9 /* Assets.xcassets in Resources */ = {isa = PBXBuildFile; fileRef = 6E6C90AC2C884EBF00B36DA9 /* Assets.xcassets */; };
		6E6C90B02C884EBF00B36DA9 /* Base in Resources */ = {isa = PBXBuildFile; fileRef = 6E6C90AF2C884EBF00B36DA9 /* Base */; };
		6E6C90BB2C884EC000B36DA9 /* github_clientTests.swift in Sources */ = {isa = PBXBuildFile; fileRef = 6E6C90BA2C884EC000B36DA9 /* github_clientTests.swift */; };
		6E6C90C52C884EC000B36DA9 /* github_clientUITests.swift in Sources */ = {isa = PBXBuildFile; fileRef = 6E6C90C42C884EC000B36DA9 /* github_clientUITests.swift */; };
		6E6C90C72C884EC000B36DA9 /* github_clientUITestsLaunchTests.swift in Sources */ = {isa = PBXBuildFile; fileRef = 6E6C90C62C884EC000B36DA9 /* github_clientUITestsLaunchTests.swift */; };
/* End PBXBuildFile section */

/* Begin PBXContainerItemProxy section */
		6E6C90B72C884EC000B36DA9 /* PBXContainerItemProxy */ = {
			isa = PBXContainerItemProxy;
			containerPortal = 6E6C90982C884EBD00B36DA9 /* Project object */;
			proxyType = 1;
			remoteGlobalIDString = 6E6C909F2C884EBD00B36DA9;
			remoteInfo = "github-client";
		};
		6E6C90C12C884EC000B36DA9 /* PBXContainerItemProxy */ = {
			isa = PBXContainerItemProxy;
			containerPortal = 6E6C90982C884EBD00B36DA9 /* Project object */;
			proxyType = 1;
			remoteGlobalIDString = 6E6C909F2C884EBD00B36DA9;
			remoteInfo = "github-client";
		};
/* End PBXContainerItemProxy section */

/* Begin PBXFileReference section */
		6E6C90A02C884EBD00B36DA9 /* github-client.app */ = {isa = PBXFileReference; explicitFileType = wrapper.application; includeInIndex = 0; path = "github-client.app"; sourceTree = BUILT_PRODUCTS_DIR; };
		6E6C90A32C884EBD00B36DA9 /* AppDelegate.swift */ = {isa = PBXFileReference; lastKnownFileType = sourcecode.swift; path = AppDelegate.swift; sourceTree = "<group>"; };
		6E6C90A52C884EBD00B36DA9 /* SceneDelegate.swift */ = {isa = PBXFileReference; lastKnownFileType = sourcecode.swift; path = SceneDelegate.swift; sourceTree = "<group>"; };
		6E6C90A72C884EBD00B36DA9 /* ViewController.swift */ = {isa = PBXFileReference; lastKnownFileType = sourcecode.swift; path = ViewController.swift; sourceTree = "<group>"; };
		6E6C90AA2C884EBD00B36DA9 /* Base */ = {isa = PBXFileReference; lastKnownFileType = file.storyboard; name = Base; path = Base.lproj/Main.storyboard; sourceTree = "<group>"; };
		6E6C90AC2C884EBF00B36DA9 /* Assets.xcassets */ = {isa = PBXFileReference; lastKnownFileType = folder.assetcatalog; path = Assets.xcassets; sourceTree = "<group>"; };
		6E6C90AF2C884EBF00B36DA9 /* Base */ = {isa = PBXFileReference; lastKnownFileType = file.storyboard; name = Base; path = Base.lproj/LaunchScreen.storyboard; sourceTree = "<group>"; };
		6E6C90B12C884EBF00B36DA9 /* Info.plist */ = {isa = PBXFileReference; lastKnownFileType = text.plist.xml; path = Info.plist; sourceTree = "<group>"; };
		6E6C90B62C884EC000B36DA9 /* github-clientTests.xctest */ = {isa = PBXFileReference; explicitFileType = wrapper.cfbundle; includeInIndex = 0; path = "github-clientTests.xctest"; sourceTree = BUILT_PRODUCTS_DIR; };
		6E6C90BA2C884EC000B36DA9 /* github_clientTests.swift */ = {isa = PBXFileReference; lastKnownFileType = sourcecode.swift; path = github_clientTests.swift; sourceTree = "<group>"; };
		6E6C90C02C884EC000B36DA9 /* github-clientUITests.xctest */ = {isa = PBXFileReference; explicitFileType = wrapper.cfbundle; includeInIndex = 0; path = "github-clientUITests.xctest"; sourceTree = BUILT_PRODUCTS_DIR; };
		6E6C90C42C884EC000B36DA9 /* github_clientUITests.swift */ = {isa = PBXFileReference; lastKnownFileType = sourcecode.swift; path = github_clientUITests.swift; sourceTree = "<group>"; };
		6E6C90C62C884EC000B36DA9 /* github_clientUITestsLaunchTests.swift */ = {isa = PBXFileReference; lastKnownFileType = sourcecode.swift; path = github_clientUITestsLaunchTests.swift; sourceTree = "<group>"; };
/* End PBXFileReference section */

/* Begin PBXFrameworksBuildPhase section */
		6E6C909D2C884EBD00B36DA9 /* Frameworks */ = {
			isa = PBXFrameworksBuildPhase;
			buildActionMask = 2147483647;
			files = (
			);
			runOnlyForDeploymentPostprocessing = 0;
		};
		6E6C90B32C884EC000B36DA9 /* Frameworks */ = {
			isa = PBXFrameworksBuildPhase;
			buildActionMask = 2147483647;
			files = (
			);
			runOnlyForDeploymentPostprocessing = 0;
		};
		6E6C90BD2C884EC000B36DA9 /* Frameworks */ = {
			isa = PBXFrameworksBuildPhase;
			buildActionMask = 2147483647;
			files = (
			);
			runOnlyForDeploymentPostprocessing = 0;
		};
/* End PBXFrameworksBuildPhase section */

/* Begin PBXGroup section */
		6E6C90972C884EBD00B36DA9 = {
			isa = PBXGroup;
			children = (
				6E6C90A22C884EBD00B36DA9 /* github-client */,
				6E6C90B92C884EC000B36DA9 /* github-clientTests */,
				6E6C90C32C884EC000B36DA9 /* github-clientUITests */,
				6E6C90A12C884EBD00B36DA9 /* Products */,
			);
			sourceTree = "<group>";
		};
		6E6C90A12C884EBD00B36DA9 /* Products */ = {
			isa = PBXGroup;
			children = (
				6E6C90A02C884EBD00B36DA9 /* github-client.app */,
				6E6C90B62C884EC000B36DA9 /* github-clientTests.xctest */,
				6E6C90C02C884EC000B36DA9 /* github-clientUITests.xctest */,
			);
			name = Products;
			sourceTree = "<group>";
		};
		6E6C90A22C884EBD00B36DA9 /* github-client */ = {
			isa = PBXGroup;
			children = (
				6E6C90A32C884EBD00B36DA9 /* AppDelegate.swift */,
				6E6C90A52C884EBD00B36DA9 /* SceneDelegate.swift */,
				6E6C90A72C884EBD00B36DA9 /* ViewController.swift */,
				6E6C90A92C884EBD00B36DA9 /* Main.storyboard */,
				6E6C90AC2C884EBF00B36DA9 /* Assets.xcassets */,
				6E6C90AE2C884EBF00B36DA9 /* LaunchScreen.storyboard */,
				6E6C90B12C884EBF00B36DA9 /* Info.plist */,
			);
			path = "github-client";
			sourceTree = "<group>";
		};
		6E6C90B92C884EC000B36DA9 /* github-clientTests */ = {
			isa = PBXGroup;
			children = (
				6E6C90BA2C884EC000B36DA9 /* github_clientTests.swift */,
			);
			path = "github-clientTests";
			sourceTree = "<group>";
		};
		6E6C90C32C884EC000B36DA9 /* github-clientUITests */ = {
			isa = PBXGroup;
			children = (
				6E6C90C42C884EC000B36DA9 /* github_clientUITests.swift */,
				6E6C90C62C884EC000B36DA9 /* github_clientUITestsLaunchTests.swift */,
			);
			path = "github-clientUITests";
			sourceTree = "<group>";
		};
/* End PBXGroup section */

/* Begin PBXNativeTarget section */
		6E6C909F2C884EBD00B36DA9 /* github-client */ = {
			isa = PBXNativeTarget;
			buildConfigurationList = 6E6C90CA2C884EC000B36DA9 /* Build configuration list for PBXNativeTarget "github-client" */;
			buildPhases = (
				6E6C909C2C884EBD00B36DA9 /* Sources */,
				6E6C909D2C884EBD00B36DA9 /* Frameworks */,
				6E6C909E2C884EBD00B36DA9 /* Resources */,
			);
			buildRules = (
			);
			dependencies = (
			);
			name = "github-client";
			productName = "github-client";
			productReference = 6E6C90A02C884EBD00B36DA9 /* github-client.app */;
			productType = "com.apple.product-type.application";
		};
		6E6C90B52C884EC000B36DA9 /* github-clientTests */ = {
			isa = PBXNativeTarget;
			buildConfigurationList = 6E6C90CD2C884EC000B36DA9 /* Build configuration list for PBXNativeTarget "github-clientTests" */;
			buildPhases = (
				6E6C90B22C884EC000B36DA9 /* Sources */,
				6E6C90B32C884EC000B36DA9 /* Frameworks */,
				6E6C90B42C884EC000B36DA9 /* Resources */,
			);
			buildRules = (
			);
			dependencies = (
				6E6C90B82C884EC000B36DA9 /* PBXTargetDependency */,
			);
			name = "github-clientTests";
			productName = "github-clientTests";
			productReference = 6E6C90B62C884EC000B36DA9 /* github-clientTests.xctest */;
			productType = "com.apple.product-type.bundle.unit-test";
		};
		6E6C90BF2C884EC000B36DA9 /* github-clientUITests */ = {
			isa = PBXNativeTarget;
			buildConfigurationList = 6E6C90D02C884EC000B36DA9 /* Build configuration list for PBXNativeTarget "github-clientUITests" */;
			buildPhases = (
				6E6C90BC2C884EC000B36DA9 /* Sources */,
				6E6C90BD2C884EC000B36DA9 /* Frameworks */,
				6E6C90BE2C884EC000B36DA9 /* Resources */,
			);
			buildRules = (
			);
			dependencies = (
				6E6C90C22C884EC000B36DA9 /* PBXTargetDependency */,
			);
			name = "github-clientUITests";
			productName = "github-clientUITests";
			productReference = 6E6C90C02C884EC000B36DA9 /* github-clientUITests.xctest */;
			productType = "com.apple.product-type.bundle.ui-testing";
		};
/* End PBXNativeTarget section */

/* Begin PBXProject section */
		6E6C90982C884EBD00B36DA9 /* Project object */ = {
			isa = PBXProject;
			attributes = {
				BuildIndependentTargetsInParallel = 1;
				LastSwiftUpdateCheck = 1540;
				LastUpgradeCheck = 1540;
				TargetAttributes = {
					6E6C909F2C884EBD00B36DA9 = {
						CreatedOnToolsVersion = 15.4;
					};
					6E6C90B52C884EC000B36DA9 = {
						CreatedOnToolsVersion = 15.4;
						TestTargetID = 6E6C909F2C884EBD00B36DA9;
					};
					6E6C90BF2C884EC000B36DA9 = {
						CreatedOnToolsVersion = 15.4;
						TestTargetID = 6E6C909F2C884EBD00B36DA9;
					};
				};
			};
			buildConfigurationList = 6E6C909B2C884EBD00B36DA9 /* Build configuration list for PBXProject "github-client" */;
			compatibilityVersion = "Xcode 14.0";
			developmentRegion = en;
			hasScannedForEncodings = 0;
			knownRegions = (
				en,
				Base,
			);
			mainGroup = 6E6C90972C884EBD00B36DA9;
			productRefGroup = 6E6C90A12C884EBD00B36DA9 /* Products */;
			projectDirPath = "";
			projectRoot = "";
			targets = (
				6E6C909F2C884EBD00B36DA9 /* github-client */,
				6E6C90B52C884EC000B36DA9 /* github-clientTests */,
				6E6C90BF2C884EC000B36DA9 /* github-clientUITests */,
			);
		};
/* End PBXProject section */

/* Begin PBXResourcesBuildPhase section */
		6E6C909E2C884EBD00B36DA9 /* Resources */ = {
			isa = PBXResourcesBuildPhase;
			buildActionMask = 2147483647;
			files = (
				6E6C90AD2C884EBF00B36DA9 /* Assets.xcassets in Resources */,
				6E6C90B02C884EBF00B36DA9 /* Base in Resources */,
				6E6C90AB2C884EBD00B36DA9 /* Base in Resources */,
			);
			runOnlyForDeploymentPostprocessing = 0;
		};
		6E6C90B42C884EC000B36DA9 /* Resources */ = {
			isa = PBXResourcesBuildPhase;
			buildActionMask = 2147483647;
			files = (
			);
			runOnlyForDeploymentPostprocessing = 0;
		};
		6E6C90BE2C884EC000B36DA9 /* Resources */ = {
			isa = PBXResourcesBuildPhase;
			buildActionMask = 2147483647;
			files = (
			);
			runOnlyForDeploymentPostprocessing = 0;
		};
/* End PBXResourcesBuildPhase section */

/* Begin PBXSourcesBuildPhase section */
		6E6C909C2C884EBD00B36DA9 /* Sources */ = {
			isa = PBXSourcesBuildPhase;
			buildActionMask = 2147483647;
			files = (
				6E6C90A82C884EBD00B36DA9 /* ViewController.swift in Sources */,
				6E6C90A42C884EBD00B36DA9 /* AppDelegate.swift in Sources */,
				6E6C90A62C884EBD00B36DA9 /* SceneDelegate.swift in Sources */,
			);
			runOnlyForDeploymentPostprocessing = 0;
		};
		6E6C90B22C884EC000B36DA9 /* Sources */ = {
			isa = PBXSourcesBuildPhase;
			buildActionMask = 2147483647;
			files = (
				6E6C90BB2C884EC000B36DA9 /* github_clientTests.swift in Sources */,
			);
			runOnlyForDeploymentPostprocessing = 0;
		};
		6E6C90BC2C884EC000B36DA9 /* Sources */ = {
			isa = PBXSourcesBuildPhase;
			buildActionMask = 2147483647;
			files = (
				6E6C90C72C884EC000B36DA9 /* github_clientUITestsLaunchTests.swift in Sources */,
				6E6C90C52C884EC000B36DA9 /* github_clientUITests.swift in Sources */,
			);
			runOnlyForDeploymentPostprocessing = 0;
		};
/* End PBXSourcesBuildPhase section */

/* Begin PBXTargetDependency section */
		6E6C90B82C884EC000B36DA9 /* PBXTargetDependency */ = {
			isa = PBXTargetDependency;
			target = 6E6C909F2C884EBD00B36DA9 /* github-client */;
			targetProxy = 6E6C90B72C884EC000B36DA9 /* PBXContainerItemProxy */;
		};
		6E6C90C22C884EC000B36DA9 /* PBXTargetDependency */ = {
			isa = PBXTargetDependency;
			target = 6E6C909F2C884EBD00B36DA9 /* github-client */;
			targetProxy = 6E6C90C12C884EC000B36DA9 /* PBXContainerItemProxy */;
		};
/* End PBXTargetDependency section */

/* Begin PBXVariantGroup section */
		6E6C90A92C884EBD00B36DA9 /* Main.storyboard */ = {
			isa = PBXVariantGroup;
			children = (
				6E6C90AA2C884EBD00B36DA9 /* Base */,
			);
			name = Main.storyboard;
			sourceTree = "<group>";
		};
		6E6C90AE2C884EBF00B36DA9 /* LaunchScreen.storyboard */ = {
			isa = PBXVariantGroup;
			children = (
				6E6C90AF2C884EBF00B36DA9 /* Base */,
			);
			name = LaunchScreen.storyboard;
			sourceTree = "<group>";
		};
/* End PBXVariantGroup section */

/* Begin XCBuildConfiguration section */
		6E6C90C82C884EC000B36DA9 /* Debug */ = {
			isa = XCBuildConfiguration;
			buildSettings = {
				ALWAYS_SEARCH_USER_PATHS = NO;
				ASSETCATALOG_COMPILER_GENERATE_SWIFT_ASSET_SYMBOL_EXTENSIONS = YES;
				CLANG_ANALYZER_NONNULL = YES;
				CLANG_ANALYZER_NUMBER_OBJECT_CONVERSION = YES_AGGRESSIVE;
				CLANG_CXX_LANGUAGE_STANDARD = "gnu++20";
				CLANG_ENABLE_MODULES = YES;
				CLANG_ENABLE_OBJC_ARC = YES;
				CLANG_ENABLE_OBJC_WEAK = YES;
				CLANG_WARN_BLOCK_CAPTURE_AUTORELEASING = YES;
				CLANG_WARN_BOOL_CONVERSION = YES;
				CLANG_WARN_COMMA = YES;
				CLANG_WARN_CONSTANT_CONVERSION = YES;
				CLANG_WARN_DEPRECATED_OBJC_IMPLEMENTATIONS = YES;
				CLANG_WARN_DIRECT_OBJC_ISA_USAGE = YES_ERROR;
				CLANG_WARN_DOCUMENTATION_COMMENTS = YES;
				CLANG_WARN_EMPTY_BODY = YES;
				CLANG_WARN_ENUM_CONVERSION = YES;
				CLANG_WARN_INFINITE_RECURSION = YES;
				CLANG_WARN_INT_CONVERSION = YES;
				CLANG_WARN_NON_LITERAL_NULL_CONVERSION = YES;
				CLANG_WARN_OBJC_IMPLICIT_RETAIN_SELF = YES;
				CLANG_WARN_OBJC_LITERAL_CONVERSION = YES;
				CLANG_WARN_OBJC_ROOT_CLASS = YES_ERROR;
				CLANG_WARN_QUOTED_INCLUDE_IN_FRAMEWORK_HEADER = YES;
				CLANG_WARN_RANGE_LOOP_ANALYSIS = YES;
				CLANG_WARN_STRICT_PROTOTYPES = YES;
				CLANG_WARN_SUSPICIOUS_MOVE = YES;
				CLANG_WARN_UNGUARDED_AVAILABILITY = YES_AGGRESSIVE;
				CLANG_WARN_UNREACHABLE_CODE = YES;
				CLANG_WARN__DUPLICATE_METHOD_MATCH = YES;
				COPY_PHASE_STRIP = NO;
				DEBUG_INFORMATION_FORMAT = dwarf;
				ENABLE_STRICT_OBJC_MSGSEND = YES;
				ENABLE_TESTABILITY = YES;
				ENABLE_USER_SCRIPT_SANDBOXING = YES;
				GCC_C_LANGUAGE_STANDARD = gnu17;
				GCC_DYNAMIC_NO_PIC = NO;
				GCC_NO_COMMON_BLOCKS = YES;
				GCC_OPTIMIZATION_LEVEL = 0;
				GCC_PREPROCESSOR_DEFINITIONS = (
					"DEBUG=1",
					"$(inherited)",
				);
				GCC_WARN_64_TO_32_BIT_CONVERSION = YES;
				GCC_WARN_ABOUT_RETURN_TYPE = YES_ERROR;
				GCC_WARN_UNDECLARED_SELECTOR = YES;
				GCC_WARN_UNINITIALIZED_AUTOS = YES_AGGRESSIVE;
				GCC_WARN_UNUSED_FUNCTION = YES;
				GCC_WARN_UNUSED_VARIABLE = YES;
				IPHONEOS_DEPLOYMENT_TARGET = 17.5;
				LOCALIZATION_PREFERS_STRING_CATALOGS = YES;
				MTL_ENABLE_DEBUG_INFO = INCLUDE_SOURCE;
				MTL_FAST_MATH = YES;
				ONLY_ACTIVE_ARCH = YES;
				SDKROOT = iphoneos;
				SWIFT_ACTIVE_COMPILATION_CONDITIONS = "DEBUG $(inherited)";
				SWIFT_OPTIMIZATION_LEVEL = "-Onone";
			};
			name = Debug;
		};
		6E6C90C92C884EC000B36DA9 /* Release */ = {
			isa = XCBuildConfiguration;
			buildSettings = {
				ALWAYS_SEARCH_USER_PATHS = NO;
				ASSETCATALOG_COMPILER_GENERATE_SWIFT_ASSET_SYMBOL_EXTENSIONS = YES;
				CLANG_ANALYZER_NONNULL = YES;
				CLANG_ANALYZER_NUMBER_OBJECT_CONVERSION = YES_AGGRESSIVE;
				CLANG_CXX_LANGUAGE_STANDARD = "gnu++20";
				CLANG_ENABLE_MODULES = YES;
				CLANG_ENABLE_OBJC_ARC = YES;
				CLANG_ENABLE_OBJC_WEAK = YES;
				CLANG_WARN_BLOCK_CAPTURE_AUTORELEASING = YES;
				CLANG_WARN_BOOL_CONVERSION = YES;
				CLANG_WARN_COMMA = YES;
				CLANG_WARN_CONSTANT_CONVERSION = YES;
				CLANG_WARN_DEPRECATED_OBJC_IMPLEMENTATIONS = YES;
				CLANG_WARN_DIRECT_OBJC_ISA_USAGE = YES_ERROR;
				CLANG_WARN_DOCUMENTATION_COMMENTS = YES;
				CLANG_WARN_EMPTY_BODY = YES;
				CLANG_WARN_ENUM_CONVERSION = YES;
				CLANG_WARN_INFINITE_RECURSION = YES;
				CLANG_WARN_INT_CONVERSION = YES;
				CLANG_WARN_NON_LITERAL_NULL_CONVERSION = YES;
				CLANG_WARN_OBJC_IMPLICIT_RETAIN_SELF = YES;
				CLANG_WARN_OBJC_LITERAL_CONVERSION = YES;
				CLANG_WARN_OBJC_ROOT_CLASS = YES_ERROR;
				CLANG_WARN_QUOTED_INCLUDE_IN_FRAMEWORK_HEADER = YES;
				CLANG_WARN_RANGE_LOOP_ANALYSIS = YES;
				CLANG_WARN_STRICT_PROTOTYPES = YES;
				CLANG_WARN_SUSPICIOUS_MOVE = YES;
				CLANG_WARN_UNGUARDED_AVAILABILITY = YES_AGGRESSIVE;
				CLANG_WARN_UNREACHABLE_CODE = YES;
				CLANG_WARN__DUPLICATE_METHOD_MATCH = YES;
				COPY_PHASE_STRIP = NO;
				DEBUG_INFORMATION_FORMAT = "dwarf-with-dsym";
				ENABLE_NS_ASSERTIONS = NO;
				ENABLE_STRICT_OBJC_MSGSEND = YES;
				ENABLE_USER_SCRIPT_SANDBOXING = YES;
				GCC_C_LANGUAGE_STANDARD = gnu17;
				GCC_NO_COMMON_BLOCKS = YES;
				GCC_WARN_64_TO_32_BIT_CONVERSION = YES;
				GCC_WARN_ABOUT_RETURN_TYPE = YES_ERROR;
				GCC_WARN_UNDECLARED_SELECTOR = YES;
				GCC_WARN_UNINITIALIZED_AUTOS = YES_AGGRESSIVE;
				GCC_WARN_UNUSED_FUNCTION = YES;
				GCC_WARN_UNUSED_VARIABLE = YES;
				IPHONEOS_DEPLOYMENT_TARGET = 17.5;
				LOCALIZATION_PREFERS_STRING_CATALOGS = YES;
				MTL_ENABLE_DEBUG_INFO = NO;
				MTL_FAST_MATH = YES;
				SDKROOT = iphoneos;
				SWIFT_COMPILATION_MODE = wholemodule;
				VALIDATE_PRODUCT = YES;
			};
			name = Release;
		};
		6E6C90CB2C884EC000B36DA9 /* Debug */ = {
			isa = XCBuildConfiguration;
			buildSettings = {
				ASSETCATALOG_COMPILER_APPICON_NAME = AppIcon;
				ASSETCATALOG_COMPILER_GLOBAL_ACCENT_COLOR_NAME = AccentColor;
				CODE_SIGN_STYLE = Automatic;
				CURRENT_PROJECT_VERSION = 1;
				DEVELOPMENT_TEAM = 4W839793S9;
				GENERATE_INFOPLIST_FILE = YES;
				INFOPLIST_FILE = "github-client/Info.plist";
				INFOPLIST_KEY_UIApplicationSupportsIndirectInputEvents = YES;
				INFOPLIST_KEY_UILaunchStoryboardName = LaunchScreen;
				INFOPLIST_KEY_UIMainStoryboardFile = Main;
				INFOPLIST_KEY_UISupportedInterfaceOrientations_iPad = "UIInterfaceOrientationPortrait UIInterfaceOrientationPortraitUpsideDown UIInterfaceOrientationLandscapeLeft UIInterfaceOrientationLandscapeRight";
				INFOPLIST_KEY_UISupportedInterfaceOrientations_iPhone = "UIInterfaceOrientationPortrait UIInterfaceOrientationLandscapeLeft UIInterfaceOrientationLandscapeRight";
				LD_RUNPATH_SEARCH_PATHS = (
					"$(inherited)",
					"@executable_path/Frameworks",
				);
				MARKETING_VERSION = 1.0;
				PRODUCT_BUNDLE_IDENTIFIER = "fsdfds.github-client";
				PRODUCT_NAME = "$(TARGET_NAME)";
				SWIFT_EMIT_LOC_STRINGS = YES;
				SWIFT_VERSION = 5.0;
				TARGETED_DEVICE_FAMILY = "1,2";
			};
			name = Debug;
		};
		6E6C90CC2C884EC000B36DA9 /* Release */ = {
			isa = XCBuildConfiguration;
			buildSettings = {
				ASSETCATALOG_COMPILER_APPICON_NAME = AppIcon;
				ASSETCATALOG_COMPILER_GLOBAL_ACCENT_COLOR_NAME = AccentColor;
				CODE_SIGN_STYLE = Automatic;
				CURRENT_PROJECT_VERSION = 1;
				DEVELOPMENT_TEAM = 4W839793S9;
				GENERATE_INFOPLIST_FILE = YES;
				INFOPLIST_FILE = "github-client/Info.plist";
				INFOPLIST_KEY_UIApplicationSupportsIndirectInputEvents = YES;
				INFOPLIST_KEY_UILaunchStoryboardName = LaunchScreen;
				INFOPLIST_KEY_UIMainStoryboardFile = Main;
				INFOPLIST_KEY_UISupportedInterfaceOrientations_iPad = "UIInterfaceOrientationPortrait UIInterfaceOrientationPortraitUpsideDown UIInterfaceOrientationLandscapeLeft UIInterfaceOrientationLandscapeRight";
				INFOPLIST_KEY_UISupportedInterfaceOrientations_iPhone = "UIInterfaceOrientationPortrait UIInterfaceOrientationLandscapeLeft UIInterfaceOrientationLandscapeRight";
				LD_RUNPATH_SEARCH_PATHS = (
					"$(inherited)",
					"@executable_path/Frameworks",
				);
				MARKETING_VERSION = 1.0;
				PRODUCT_BUNDLE_IDENTIFIER = "fsdfds.github-client";
				PRODUCT_NAME = "$(TARGET_NAME)";
				SWIFT_EMIT_LOC_STRINGS = YES;
				SWIFT_VERSION = 5.0;
				TARGETED_DEVICE_FAMILY = "1,2";
			};
			name = Release;
		};
		6E6C90CE2C884EC000B36DA9 /* Debug */ = {
			isa = XCBuildConfiguration;
			buildSettings = {
				ALWAYS_EMBED_SWIFT_STANDARD_LIBRARIES = YES;
				BUNDLE_LOADER = "$(TEST_HOST)";
				CODE_SIGN_STYLE = Automatic;
				CURRENT_PROJECT_VERSION = 1;
				DEVELOPMENT_TEAM = 4W839793S9;
				GENERATE_INFOPLIST_FILE = YES;
				IPHONEOS_DEPLOYMENT_TARGET = 17.5;
				MARKETING_VERSION = 1.0;
				PRODUCT_BUNDLE_IDENTIFIER = "fsdfds.github-clientTests";
				PRODUCT_NAME = "$(TARGET_NAME)";
				SWIFT_EMIT_LOC_STRINGS = NO;
				SWIFT_VERSION = 5.0;
				TARGETED_DEVICE_FAMILY = "1,2";
				TEST_HOST = "$(BUILT_PRODUCTS_DIR)/github-client.app/$(BUNDLE_EXECUTABLE_FOLDER_PATH)/github-client";
			};
			name = Debug;
		};
		6E6C90CF2C884EC000B36DA9 /* Release */ = {
			isa = XCBuildConfiguration;
			buildSettings = {
				ALWAYS_EMBED_SWIFT_STANDARD_LIBRARIES = YES;
				BUNDLE_LOADER = "$(TEST_HOST)";
				CODE_SIGN_STYLE = Automatic;
				CURRENT_PROJECT_VERSION = 1;
				DEVELOPMENT_TEAM = 4W839793S9;
				GENERATE_INFOPLIST_FILE = YES;
				IPHONEOS_DEPLOYMENT_TARGET = 17.5;
				MARKETING_VERSION = 1.0;
				PRODUCT_BUNDLE_IDENTIFIER = "fsdfds.github-clientTests";
				PRODUCT_NAME = "$(TARGET_NAME)";
				SWIFT_EMIT_LOC_STRINGS = NO;
				SWIFT_VERSION = 5.0;
				TARGETED_DEVICE_FAMILY = "1,2";
				TEST_HOST = "$(BUILT_PRODUCTS_DIR)/github-client.app/$(BUNDLE_EXECUTABLE_FOLDER_PATH)/github-client";
			};
			name = Release;
		};
		6E6C90D12C884EC000B36DA9 /* Debug */ = {
			isa = XCBuildConfiguration;
			buildSettings = {
				ALWAYS_EMBED_SWIFT_STANDARD_LIBRARIES = YES;
				CODE_SIGN_STYLE = Automatic;
				CURRENT_PROJECT_VERSION = 1;
				DEVELOPMENT_TEAM = 4W839793S9;
				GENERATE_INFOPLIST_FILE = YES;
				MARKETING_VERSION = 1.0;
				PRODUCT_BUNDLE_IDENTIFIER = "fsdfds.github-clientUITests";
				PRODUCT_NAME = "$(TARGET_NAME)";
				SWIFT_EMIT_LOC_STRINGS = NO;
				SWIFT_VERSION = 5.0;
				TARGETED_DEVICE_FAMILY = "1,2";
				TEST_TARGET_NAME = "github-client";
			};
			name = Debug;
		};
		6E6C90D22C884EC000B36DA9 /* Release */ = {
			isa = XCBuildConfiguration;
			buildSettings = {
				ALWAYS_EMBED_SWIFT_STANDARD_LIBRARIES = YES;
				CODE_SIGN_STYLE = Automatic;
				CURRENT_PROJECT_VERSION = 1;
				DEVELOPMENT_TEAM = 4W839793S9;
				GENERATE_INFOPLIST_FILE = YES;
				MARKETING_VERSION = 1.0;
				PRODUCT_BUNDLE_IDENTIFIER = "fsdfds.github-clientUITests";
				PRODUCT_NAME = "$(TARGET_NAME)";
				SWIFT_EMIT_LOC_STRINGS = NO;
				SWIFT_VERSION = 5.0;
				TARGETED_DEVICE_FAMILY = "1,2";
				TEST_TARGET_NAME = "github-client";
			};
			name = Release;
		};
/* End XCBuildConfiguration section */

/* Begin XCConfigurationList section */
		6E6C909B2C884EBD00B36DA9 /* Build configuration list for PBXProject "github-client" */ = {
			isa = XCConfigurationList;
			buildConfigurations = (
				6E6C90C82C884EC000B36DA9 /* Debug */,
				6E6C90C92C884EC000B36DA9 /* Release */,
			);
			defaultConfigurationIsVisible = 0;
			defaultConfigurationName = Release;
		};
		6E6C90CA2C884EC000B36DA9 /* Build configuration list for PBXNativeTarget "github-client" */ = {
			isa = XCConfigurationList;
			buildConfigurations = (
				6E6C90CB2C884EC000B36DA9 /* Debug */,
				6E6C90CC2C884EC000B36DA9 /* Release */,
			);
			defaultConfigurationIsVisible = 0;
			defaultConfigurationName = Release;
		};
		6E6C90CD2C884EC000B36DA9 /* Build configuration list for PBXNativeTarget "github-clientTests" */ = {
			isa = XCConfigurationList;
			buildConfigurations = (
				6E6C90CE2C884EC000B36DA9 /* Debug */,
				6E6C90CF2C884EC000B36DA9 /* Release */,
			);
			defaultConfigurationIsVisible = 0;
			defaultConfigurationName = Release;
		};
		6E6C90D02C884EC000B36DA9 /* Build configuration list for PBXNativeTarget "github-clientUITests" */ = {
			isa = XCConfigurationList;
			buildConfigurations = (
				6E6C90D12C884EC000B36DA9 /* Debug */,
				6E6C90D22C884EC000B36DA9 /* Release */,
			);
			defaultConfigurationIsVisible = 0;
			defaultConfigurationName = Release;
		};
/* End XCConfigurationList section */
	};
	rootObject = 6E6C90982C884EBD00B36DA9 /* Project object */;
}
